
Microsoft Visual Studio Solution File, Format Version 12.00
# Visual Studio Version 17
VisualStudioVersion = 17.4.33213.308
MinimumVisualStudioVersion = 10.0.40219.1
Project("{9A19103F-16F7-4668-BE54-9A1E7A4F7556}") = "Chemsoft", "Chemsoft\Chemsoft.csproj", "{890996CD-2F73-4EAF-88B6-331763F65630}"
EndProject
Project("{9A19103F-16F7-4668-BE54-9A1E7A4F7556}") = "Chemsoft_BL", "Chemsoft_DB\Chemsoft_BL.csproj", "{46DCD436-3973-4FC7-BE24-6BD70262D796}"
EndProject
Global
	GlobalSection(SolutionConfigurationPlatforms) = preSolution
		Debug|Any CPU = Debug|Any CPU
		Release|Any CPU = Release|Any CPU
	EndGlobalSection
	GlobalSection(ProjectConfigurationPlatforms) = postSolution
		{890996CD-2F73-4EAF-88B6-331763F65630}.Debug|Any CPU.ActiveCfg = Debug|Any CPU
		{890996CD-2F73-4EAF-88B6-331763F65630}.Debug|Any CPU.Build.0 = Debug|Any CPU
		{890996CD-2F73-4EAF-88B6-331763F65630}.Release|Any CPU.ActiveCfg = Release|Any CPU
		{890996CD-2F73-4EAF-88B6-331763F65630}.Release|Any CPU.Build.0 = Release|Any CPU
		{46DCD436-3973-4FC7-BE24-6BD70262D796}.Debug|Any CPU.ActiveCfg = Debug|Any CPU
		{46DCD436-3973-4FC7-BE24-6BD70262D796}.Debug|Any CPU.Build.0 = Debug|Any CPU
		{46DCD436-3973-4FC7-BE24-6BD70262D796}.Release|Any CPU.ActiveCfg = Release|Any CPU
		{46DCD436-3973-4FC7-BE24-6BD70262D796}.Release|Any CPU.Build.0 = Release|Any CPU
	EndGlobalSection
	GlobalSection(SolutionProperties) = preSolution
		HideSolutionNode = FALSE
	EndGlobalSection
	GlobalSection(ExtensibilityGlobals) = postSolution
		SolutionGuid = {BA54439D-98B3-4F0A-B13F-DBACCDD85E34}
	EndGlobalSection
EndGlobal
